
Microsoft Visual Studio Solution File, Format Version 12.00
# Visual Studio Version 17
VisualStudioVersion = 17.4.33403.182
MinimumVisualStudioVersion = 10.0.40219.1
Project("{FAE04EC0-301F-11D3-BF4B-00C04F79EFBC}") = "SeriLogThemesLibrary", "SeriLogThemesLibrary\SeriLogThemesLibrary.csproj", "{5AD574CA-9373-49FC-99A6-25337D27E143}"
EndProject
Project("{2150E333-8FDC-42A3-9474-1A3956D46DE8}") = "Solution Items", "Solution Items", "{4E8E2FB5-61F6-4BAC-8BC7-B805A82FBA4F}"
	ProjectSection(SolutionItems) = preProject
		readme.md = readme.md
	EndProjectSection
EndProject
Project("{2150E333-8FDC-42A3-9474-1A3956D46DE8}") = "Class projects", "Class projects", "{08BE3C1A-EFEF-4EC5-8A1B-B5CA6EDFDF40}"
EndProject
Project("{2150E333-8FDC-42A3-9474-1A3956D46DE8}") = "Razor projects", "Razor projects", "{1687808D-6DC5-4809-9D29-CFA881B21CC7}"
EndProject
Project("{FAE04EC0-301F-11D3-BF4B-00C04F79EFBC}") = "SeriLogApplication1", "SeriLogApplication1\SeriLogApplication1.csproj", "{37FC79D0-FDA1-48B7-AA9E-724CD7247DFC}"
EndProject
Project("{FAE04EC0-301F-11D3-BF4B-00C04F79EFBC}") = "SeriLogApplication2", "SeriLogApplication2\SeriLogApplication2.csproj", "{D72E37D1-367C-4510-A4B1-548DA35D7509}"
EndProject
Global
	GlobalSection(SolutionConfigurationPlatforms) = preSolution
		Debug|Any CPU = Debug|Any CPU
		Release|Any CPU = Release|Any CPU
	EndGlobalSection
	GlobalSection(ProjectConfigurationPlatforms) = postSolution
		{5AD574CA-9373-49FC-99A6-25337D27E143}.Debug|Any CPU.ActiveCfg = Debug|Any CPU
		{5AD574CA-9373-49FC-99A6-25337D27E143}.Debug|Any CPU.Build.0 = Debug|Any CPU
		{5AD574CA-9373-49FC-99A6-25337D27E143}.Release|Any CPU.ActiveCfg = Release|Any CPU
		{5AD574CA-9373-49FC-99A6-25337D27E143}.Release|Any CPU.Build.0 = Release|Any CPU
		{37FC79D0-FDA1-48B7-AA9E-724CD7247DFC}.Debug|Any CPU.ActiveCfg = Debug|Any CPU
		{37FC79D0-FDA1-48B7-AA9E-724CD7247DFC}.Debug|Any CPU.Build.0 = Debug|Any CPU
		{37FC79D0-FDA1-48B7-AA9E-724CD7247DFC}.Release|Any CPU.ActiveCfg = Release|Any CPU
		{37FC79D0-FDA1-48B7-AA9E-724CD7247DFC}.Release|Any CPU.Build.0 = Release|Any CPU
		{D72E37D1-367C-4510-A4B1-548DA35D7509}.Debug|Any CPU.ActiveCfg = Debug|Any CPU
		{D72E37D1-367C-4510-A4B1-548DA35D7509}.Debug|Any CPU.Build.0 = Debug|Any CPU
		{D72E37D1-367C-4510-A4B1-548DA35D7509}.Release|Any CPU.ActiveCfg = Release|Any CPU
		{D72E37D1-367C-4510-A4B1-548DA35D7509}.Release|Any CPU.Build.0 = Release|Any CPU
	EndGlobalSection
	GlobalSection(SolutionProperties) = preSolution
		HideSolutionNode = FALSE
	EndGlobalSection
	GlobalSection(NestedProjects) = preSolution
		{5AD574CA-9373-49FC-99A6-25337D27E143} = {08BE3C1A-EFEF-4EC5-8A1B-B5CA6EDFDF40}
		{37FC79D0-FDA1-48B7-AA9E-724CD7247DFC} = {1687808D-6DC5-4809-9D29-CFA881B21CC7}
		{D72E37D1-367C-4510-A4B1-548DA35D7509} = {1687808D-6DC5-4809-9D29-CFA881B21CC7}
	EndGlobalSection
	GlobalSection(ExtensibilityGlobals) = postSolution
		SolutionGuid = {76C72761-825D-4B2C-9299-69258258E232}
	EndGlobalSection
EndGlobal
